
Microsoft Visual Studio Solution File, Format Version 12.00
# Visual Studio Version 17
VisualStudioVersion = 17.4.33103.184
MinimumVisualStudioVersion = 10.0.40219.1
Project("{9A19103F-16F7-4668-BE54-9A1E7A4F7556}") = "Challenge", "Challenge\Challenge.csproj", "{B9A6B8A0-0AF5-40EA-8882-6C14E2CA8D91}"
EndProject
Project("{FAE04EC0-301F-11D3-BF4B-00C04F79EFBC}") = "Domain", "Domain\Domain.csproj", "{01870CD6-FFFB-4458-993C-ECC8337614C9}"
EndProject
Project("{FAE04EC0-301F-11D3-BF4B-00C04F79EFBC}") = "DataAccess", "DataAccess\DataAccess.csproj", "{22F89C97-6132-449E-B61A-12DF2502D3AD}"
EndProject
Global
	GlobalSection(SolutionConfigurationPlatforms) = preSolution
		Debug|Any CPU = Debug|Any CPU
		Release|Any CPU = Release|Any CPU
	EndGlobalSection
	GlobalSection(ProjectConfigurationPlatforms) = postSolution
		{B9A6B8A0-0AF5-40EA-8882-6C14E2CA8D91}.Debug|Any CPU.ActiveCfg = Debug|Any CPU
		{B9A6B8A0-0AF5-40EA-8882-6C14E2CA8D91}.Debug|Any CPU.Build.0 = Debug|Any CPU
		{B9A6B8A0-0AF5-40EA-8882-6C14E2CA8D91}.Release|Any CPU.ActiveCfg = Release|Any CPU
		{B9A6B8A0-0AF5-40EA-8882-6C14E2CA8D91}.Release|Any CPU.Build.0 = Release|Any CPU
		{01870CD6-FFFB-4458-993C-ECC8337614C9}.Debug|Any CPU.ActiveCfg = Debug|Any CPU
		{01870CD6-FFFB-4458-993C-ECC8337614C9}.Debug|Any CPU.Build.0 = Debug|Any CPU
		{01870CD6-FFFB-4458-993C-ECC8337614C9}.Release|Any CPU.ActiveCfg = Release|Any CPU
		{01870CD6-FFFB-4458-993C-ECC8337614C9}.Release|Any CPU.Build.0 = Release|Any CPU
		{22F89C97-6132-449E-B61A-12DF2502D3AD}.Debug|Any CPU.ActiveCfg = Debug|Any CPU
		{22F89C97-6132-449E-B61A-12DF2502D3AD}.Debug|Any CPU.Build.0 = Debug|Any CPU
		{22F89C97-6132-449E-B61A-12DF2502D3AD}.Release|Any CPU.ActiveCfg = Release|Any CPU
		{22F89C97-6132-449E-B61A-12DF2502D3AD}.Release|Any CPU.Build.0 = Release|Any CPU
	EndGlobalSection
	GlobalSection(SolutionProperties) = preSolution
		HideSolutionNode = FALSE
	EndGlobalSection
	GlobalSection(ExtensibilityGlobals) = postSolution
		SolutionGuid = {99797856-5CDF-479F-919E-4E89DCE515A3}
	EndGlobalSection
EndGlobal
